
Microsoft Visual Studio Solution File, Format Version 12.00
# Visual Studio Version 17
VisualStudioVersion = 17.0.31903.59
MinimumVisualStudioVersion = 10.0.40219.1
Project("{2150E333-8FDC-42A3-9474-1A3956D46DE8}") = "src", "src", "{827E0CD3-B72D-47B6-A68D-7590B98EB39B}"
EndProject
Project("{FAE04EC0-301F-11D3-BF4B-00C04F79EFBC}") = "Poms.Domain", "src\Poms.Domain\Poms.Domain.csproj", "{2405C168-6BEE-4619-BDA1-ECB438016CFB}"
EndProject
Project("{FAE04EC0-301F-11D3-BF4B-00C04F79EFBC}") = "Poms.Application", "src\Poms.Application\Poms.Application.csproj", "{F0CD440A-F94D-4502-8309-C4DE191160EA}"
EndProject
Project("{FAE04EC0-301F-11D3-BF4B-00C04F79EFBC}") = "Poms.Infrastructure", "src\Poms.Infrastructure\Poms.Infrastructure.csproj", "{75F70A13-218C-4C04-A1CC-E84FD0F946A5}"
EndProject
Project("{FAE04EC0-301F-11D3-BF4B-00C04F79EFBC}") = "Poms.Web", "src\Poms.Web\Poms.Web.csproj", "{B77842CA-84F2-4001-A17D-5B420E9DF732}"
EndProject
Project("{FAE04EC0-301F-11D3-BF4B-00C04F79EFBC}") = "Poms.Reporting", "src\Poms.Reporting\Poms.Reporting.csproj", "{C29433CD-D423-48AA-AAC2-6C620985C9D6}"
EndProject
Project("{2150E333-8FDC-42A3-9474-1A3956D46DE8}") = "tests", "tests", "{0AB3BF05-4346-4AA6-1389-037BE0695223}"
EndProject
Project("{FAE04EC0-301F-11D3-BF4B-00C04F79EFBC}") = "Poms.Tests", "tests\Poms.Tests\Poms.Tests.csproj", "{BA02CC6A-9FC8-4EC0-8D87-906B7B22D731}"
EndProject
Global
	GlobalSection(SolutionConfigurationPlatforms) = preSolution
		Debug|Any CPU = Debug|Any CPU
		Debug|x64 = Debug|x64
		Debug|x86 = Debug|x86
		Release|Any CPU = Release|Any CPU
		Release|x64 = Release|x64
		Release|x86 = Release|x86
	EndGlobalSection
	GlobalSection(ProjectConfigurationPlatforms) = postSolution
		{2405C168-6BEE-4619-BDA1-ECB438016CFB}.Debug|Any CPU.ActiveCfg = Debug|Any CPU
		{2405C168-6BEE-4619-BDA1-ECB438016CFB}.Debug|Any CPU.Build.0 = Debug|Any CPU
		{2405C168-6BEE-4619-BDA1-ECB438016CFB}.Debug|x64.ActiveCfg = Debug|Any CPU
		{2405C168-6BEE-4619-BDA1-ECB438016CFB}.Debug|x64.Build.0 = Debug|Any CPU
		{2405C168-6BEE-4619-BDA1-ECB438016CFB}.Debug|x86.ActiveCfg = Debug|Any CPU
		{2405C168-6BEE-4619-BDA1-ECB438016CFB}.Debug|x86.Build.0 = Debug|Any CPU
		{2405C168-6BEE-4619-BDA1-ECB438016CFB}.Release|Any CPU.ActiveCfg = Release|Any CPU
		{2405C168-6BEE-4619-BDA1-ECB438016CFB}.Release|Any CPU.Build.0 = Release|Any CPU
		{2405C168-6BEE-4619-BDA1-ECB438016CFB}.Release|x64.ActiveCfg = Release|Any CPU
		{2405C168-6BEE-4619-BDA1-ECB438016CFB}.Release|x64.Build.0 = Release|Any CPU
		{2405C168-6BEE-4619-BDA1-ECB438016CFB}.Release|x86.ActiveCfg = Release|Any CPU
		{2405C168-6BEE-4619-BDA1-ECB438016CFB}.Release|x86.Build.0 = Release|Any CPU
		{F0CD440A-F94D-4502-8309-C4DE191160EA}.Debug|Any CPU.ActiveCfg = Debug|Any CPU
		{F0CD440A-F94D-4502-8309-C4DE191160EA}.Debug|Any CPU.Build.0 = Debug|Any CPU
		{F0CD440A-F94D-4502-8309-C4DE191160EA}.Debug|x64.ActiveCfg = Debug|Any CPU
		{F0CD440A-F94D-4502-8309-C4DE191160EA}.Debug|x64.Build.0 = Debug|Any CPU
		{F0CD440A-F94D-4502-8309-C4DE191160EA}.Debug|x86.ActiveCfg = Debug|Any CPU
		{F0CD440A-F94D-4502-8309-C4DE191160EA}.Debug|x86.Build.0 = Debug|Any CPU
		{F0CD440A-F94D-4502-8309-C4DE191160EA}.Release|Any CPU.ActiveCfg = Release|Any CPU
		{F0CD440A-F94D-4502-8309-C4DE191160EA}.Release|Any CPU.Build.0 = Release|Any CPU
		{F0CD440A-F94D-4502-8309-C4DE191160EA}.Release|x64.ActiveCfg = Release|Any CPU
		{F0CD440A-F94D-4502-8309-C4DE191160EA}.Release|x64.Build.0 = Release|Any CPU
		{F0CD440A-F94D-4502-8309-C4DE191160EA}.Release|x86.ActiveCfg = Release|Any CPU
		{F0CD440A-F94D-4502-8309-C4DE191160EA}.Release|x86.Build.0 = Release|Any CPU
		{75F70A13-218C-4C04-A1CC-E84FD0F946A5}.Debug|Any CPU.ActiveCfg = Debug|Any CPU
		{75F70A13-218C-4C04-A1CC-E84FD0F946A5}.Debug|Any CPU.Build.0 = Debug|Any CPU
		{75F70A13-218C-4C04-A1CC-E84FD0F946A5}.Debug|x64.ActiveCfg = Debug|Any CPU
		{75F70A13-218C-4C04-A1CC-E84FD0F946A5}.Debug|x64.Build.0 = Debug|Any CPU
		{75F70A13-218C-4C04-A1CC-E84FD0F946A5}.Debug|x86.ActiveCfg = Debug|Any CPU
		{75F70A13-218C-4C04-A1CC-E84FD0F946A5}.Debug|x86.Build.0 = Debug|Any CPU
		{75F70A13-218C-4C04-A1CC-E84FD0F946A5}.Release|Any CPU.ActiveCfg = Release|Any CPU
		{75F70A13-218C-4C04-A1CC-E84FD0F946A5}.Release|Any CPU.Build.0 = Release|Any CPU
		{75F70A13-218C-4C04-A1CC-E84FD0F946A5}.Release|x64.ActiveCfg = Release|Any CPU
		{75F70A13-218C-4C04-A1CC-E84FD0F946A5}.Release|x64.Build.0 = Release|Any CPU
		{75F70A13-218C-4C04-A1CC-E84FD0F946A5}.Release|x86.ActiveCfg = Release|Any CPU
		{75F70A13-218C-4C04-A1CC-E84FD0F946A5}.Release|x86.Build.0 = Release|Any CPU
		{B77842CA-84F2-4001-A17D-5B420E9DF732}.Debug|Any CPU.ActiveCfg = Debug|Any CPU
		{B77842CA-84F2-4001-A17D-5B420E9DF732}.Debug|Any CPU.Build.0 = Debug|Any CPU
		{B77842CA-84F2-4001-A17D-5B420E9DF732}.Debug|x64.ActiveCfg = Debug|Any CPU
		{B77842CA-84F2-4001-A17D-5B420E9DF732}.Debug|x64.Build.0 = Debug|Any CPU
		{B77842CA-84F2-4001-A17D-5B420E9DF732}.Debug|x86.ActiveCfg = Debug|Any CPU
		{B77842CA-84F2-4001-A17D-5B420E9DF732}.Debug|x86.Build.0 = Debug|Any CPU
		{B77842CA-84F2-4001-A17D-5B420E9DF732}.Release|Any CPU.ActiveCfg = Release|Any CPU
		{B77842CA-84F2-4001-A17D-5B420E9DF732}.Release|Any CPU.Build.0 = Release|Any CPU
		{B77842CA-84F2-4001-A17D-5B420E9DF732}.Release|x64.ActiveCfg = Release|Any CPU
		{B77842CA-84F2-4001-A17D-5B420E9DF732}.Release|x64.Build.0 = Release|Any CPU
		{B77842CA-84F2-4001-A17D-5B420E9DF732}.Release|x86.ActiveCfg = Release|Any CPU
		{B77842CA-84F2-4001-A17D-5B420E9DF732}.Release|x86.Build.0 = Release|Any CPU
		{C29433CD-D423-48AA-AAC2-6C620985C9D6}.Debug|Any CPU.ActiveCfg = Debug|Any CPU
		{C29433CD-D423-48AA-AAC2-6C620985C9D6}.Debug|Any CPU.Build.0 = Debug|Any CPU
		{C29433CD-D423-48AA-AAC2-6C620985C9D6}.Debug|x64.ActiveCfg = Debug|Any CPU
		{C29433CD-D423-48AA-AAC2-6C620985C9D6}.Debug|x64.Build.0 = Debug|Any CPU
		{C29433CD-D423-48AA-AAC2-6C620985C9D6}.Debug|x86.ActiveCfg = Debug|Any CPU
		{C29433CD-D423-48AA-AAC2-6C620985C9D6}.Debug|x86.Build.0 = Debug|Any CPU
		{C29433CD-D423-48AA-AAC2-6C620985C9D6}.Release|Any CPU.ActiveCfg = Release|Any CPU
		{C29433CD-D423-48AA-AAC2-6C620985C9D6}.Release|Any CPU.Build.0 = Release|Any CPU
		{C29433CD-D423-48AA-AAC2-6C620985C9D6}.Release|x64.ActiveCfg = Release|Any CPU
		{C29433CD-D423-48AA-AAC2-6C620985C9D6}.Release|x64.Build.0 = Release|Any CPU
		{C29433CD-D423-48AA-AAC2-6C620985C9D6}.Release|x86.ActiveCfg = Release|Any CPU
		{C29433CD-D423-48AA-AAC2-6C620985C9D6}.Release|x86.Build.0 = Release|Any CPU
		{BA02CC6A-9FC8-4EC0-8D87-906B7B22D731}.Debug|Any CPU.ActiveCfg = Debug|Any CPU
		{BA02CC6A-9FC8-4EC0-8D87-906B7B22D731}.Debug|Any CPU.Build.0 = Debug|Any CPU
		{BA02CC6A-9FC8-4EC0-8D87-906B7B22D731}.Debug|x64.ActiveCfg = Debug|Any CPU
		{BA02CC6A-9FC8-4EC0-8D87-906B7B22D731}.Debug|x64.Build.0 = Debug|Any CPU
		{BA02CC6A-9FC8-4EC0-8D87-906B7B22D731}.Debug|x86.ActiveCfg = Debug|Any CPU
		{BA02CC6A-9FC8-4EC0-8D87-906B7B22D731}.Debug|x86.Build.0 = Debug|Any CPU
		{BA02CC6A-9FC8-4EC0-8D87-906B7B22D731}.Release|Any CPU.ActiveCfg = Release|Any CPU
		{BA02CC6A-9FC8-4EC0-8D87-906B7B22D731}.Release|Any CPU.Build.0 = Release|Any CPU
		{BA02CC6A-9FC8-4EC0-8D87-906B7B22D731}.Release|x64.ActiveCfg = Release|Any CPU
		{BA02CC6A-9FC8-4EC0-8D87-906B7B22D731}.Release|x64.Build.0 = Release|Any CPU
		{BA02CC6A-9FC8-4EC0-8D87-906B7B22D731}.Release|x86.ActiveCfg = Release|Any CPU
		{BA02CC6A-9FC8-4EC0-8D87-906B7B22D731}.Release|x86.Build.0 = Release|Any CPU
	EndGlobalSection
	GlobalSection(SolutionProperties) = preSolution
		HideSolutionNode = FALSE
	EndGlobalSection
	GlobalSection(NestedProjects) = preSolution
		{2405C168-6BEE-4619-BDA1-ECB438016CFB} = {827E0CD3-B72D-47B6-A68D-7590B98EB39B}
		{F0CD440A-F94D-4502-8309-C4DE191160EA} = {827E0CD3-B72D-47B6-A68D-7590B98EB39B}
		{75F70A13-218C-4C04-A1CC-E84FD0F946A5} = {827E0CD3-B72D-47B6-A68D-7590B98EB39B}
		{B77842CA-84F2-4001-A17D-5B420E9DF732} = {827E0CD3-B72D-47B6-A68D-7590B98EB39B}
		{C29433CD-D423-48AA-AAC2-6C620985C9D6} = {827E0CD3-B72D-47B6-A68D-7590B98EB39B}
		{BA02CC6A-9FC8-4EC0-8D87-906B7B22D731} = {0AB3BF05-4346-4AA6-1389-037BE0695223}
	EndGlobalSection
EndGlobal
